// !$*UTF8*$!
{
	archiveVersion = 1;
	classes = {
	};
	objectVersion = 55;
	objects = {

/* Begin PBXBuildFile section */
		18F76E37B7A05F7BA6F62F55 /* Pods_Example_RxSwift.framework in Frameworks */ = {isa = PBXBuildFile; fileRef = D68E77FC23753E575C25C370 /* Pods_Example_RxSwift.framework */; };
		4DC368C02729499400F65C95 /* AppDelegate.swift in Sources */ = {isa = PBXBuildFile; fileRef = 4DC368BF2729499400F65C95 /* AppDelegate.swift */; };
		4DC368C22729499400F65C95 /* SceneDelegate.swift in Sources */ = {isa = PBXBuildFile; fileRef = 4DC368C12729499400F65C95 /* SceneDelegate.swift */; };
		4DC368C42729499400F65C95 /* SampleViewController.swift in Sources */ = {isa = PBXBuildFile; fileRef = 4DC368C32729499400F65C95 /* SampleViewController.swift */; };
		4DC368C72729499400F65C95 /* Main.storyboard in Resources */ = {isa = PBXBuildFile; fileRef = 4DC368C52729499400F65C95 /* Main.storyboard */; };
		4DC368C92729499700F65C95 /* Assets.xcassets in Resources */ = {isa = PBXBuildFile; fileRef = 4DC368C82729499700F65C95 /* Assets.xcassets */; };
		4DC368CC2729499700F65C95 /* LaunchScreen.storyboard in Resources */ = {isa = PBXBuildFile; fileRef = 4DC368CA2729499700F65C95 /* LaunchScreen.storyboard */; };
		4DE5F0EE272A68A100186D02 /* Zootopia.swift in Sources */ = {isa = PBXBuildFile; fileRef = 4DE5F0ED272A68A100186D02 /* Zootopia.swift */; };
		4DE5F0F1272A7BC800186D02 /* NumbersViewController.swift in Sources */ = {isa = PBXBuildFile; fileRef = 4DE5F0F0272A7BC800186D02 /* NumbersViewController.swift */; };
		4DE5F0F3272A7F4F00186D02 /* ValidateViewController.swift in Sources */ = {isa = PBXBuildFile; fileRef = 4DE5F0F2272A7F4F00186D02 /* ValidateViewController.swift */; };
		4DE5F0F5272B9EE400186D02 /* RepeatViewController.swift in Sources */ = {isa = PBXBuildFile; fileRef = 4DE5F0F4272B9EE400186D02 /* RepeatViewController.swift */; };
		4DE5F0FE272BBC6E00186D02 /* SimpleTableViewController.swift in Sources */ = {isa = PBXBuildFile; fileRef = 4DE5F0FD272BBC6E00186D02 /* SimpleTableViewController.swift */; };
		4DE5F101272BC40D00186D02 /* WireFrame.swift in Sources */ = {isa = PBXBuildFile; fileRef = 4DE5F100272BC40D00186D02 /* WireFrame.swift */; };
		4DE5F103272BC83F00186D02 /* ViewController.swift in Sources */ = {isa = PBXBuildFile; fileRef = 4DE5F102272BC83F00186D02 /* ViewController.swift */; };
/* End PBXBuildFile section */

/* Begin PBXFileReference section */
		3F4D8FB3BB5EAA26D5FB4D28 /* Pods-Example-RxSwift.release.xcconfig */ = {isa = PBXFileReference; includeInIndex = 1; lastKnownFileType = text.xcconfig; name = "Pods-Example-RxSwift.release.xcconfig"; path = "Target Support Files/Pods-Example-RxSwift/Pods-Example-RxSwift.release.xcconfig"; sourceTree = "<group>"; };
		4DC368BC2729499400F65C95 /* Example-RxSwift.app */ = {isa = PBXFileReference; explicitFileType = wrapper.application; includeInIndex = 0; path = "Example-RxSwift.app"; sourceTree = BUILT_PRODUCTS_DIR; };
		4DC368BF2729499400F65C95 /* AppDelegate.swift */ = {isa = PBXFileReference; lastKnownFileType = sourcecode.swift; path = AppDelegate.swift; sourceTree = "<group>"; };
		4DC368C12729499400F65C95 /* SceneDelegate.swift */ = {isa = PBXFileReference; lastKnownFileType = sourcecode.swift; path = SceneDelegate.swift; sourceTree = "<group>"; };
		4DC368C32729499400F65C95 /* SampleViewController.swift */ = {isa = PBXFileReference; lastKnownFileType = sourcecode.swift; path = SampleViewController.swift; sourceTree = "<group>"; };
		4DC368C62729499400F65C95 /* Base */ = {isa = PBXFileReference; lastKnownFileType = file.storyboard; name = Base; path = Base.lproj/Main.storyboard; sourceTree = "<group>"; };
		4DC368C82729499700F65C95 /* Assets.xcassets */ = {isa = PBXFileReference; lastKnownFileType = folder.assetcatalog; path = Assets.xcassets; sourceTree = "<group>"; };
		4DC368CB2729499700F65C95 /* Base */ = {isa = PBXFileReference; lastKnownFileType = file.storyboard; name = Base; path = Base.lproj/LaunchScreen.storyboard; sourceTree = "<group>"; };
		4DC368CD2729499700F65C95 /* Info.plist */ = {isa = PBXFileReference; lastKnownFileType = text.plist.xml; path = Info.plist; sourceTree = "<group>"; };
		4DE5F0ED272A68A100186D02 /* Zootopia.swift */ = {isa = PBXFileReference; lastKnownFileType = sourcecode.swift; path = Zootopia.swift; sourceTree = "<group>"; };
		4DE5F0F0272A7BC800186D02 /* NumbersViewController.swift */ = {isa = PBXFileReference; lastKnownFileType = sourcecode.swift; path = NumbersViewController.swift; sourceTree = "<group>"; };
		4DE5F0F2272A7F4F00186D02 /* ValidateViewController.swift */ = {isa = PBXFileReference; lastKnownFileType = sourcecode.swift; path = ValidateViewController.swift; sourceTree = "<group>"; };
		4DE5F0F4272B9EE400186D02 /* RepeatViewController.swift */ = {isa = PBXFileReference; lastKnownFileType = sourcecode.swift; path = RepeatViewController.swift; sourceTree = "<group>"; };
		4DE5F0FD272BBC6E00186D02 /* SimpleTableViewController.swift */ = {isa = PBXFileReference; lastKnownFileType = sourcecode.swift; path = SimpleTableViewController.swift; sourceTree = "<group>"; };
		4DE5F100272BC40D00186D02 /* WireFrame.swift */ = {isa = PBXFileReference; lastKnownFileType = sourcecode.swift; path = WireFrame.swift; sourceTree = "<group>"; };
		4DE5F102272BC83F00186D02 /* ViewController.swift */ = {isa = PBXFileReference; lastKnownFileType = sourcecode.swift; path = ViewController.swift; sourceTree = "<group>"; };
		C15B1B7384F70C4CCE10D201 /* Pods-Example-RxSwift.debug.xcconfig */ = {isa = PBXFileReference; includeInIndex = 1; lastKnownFileType = text.xcconfig; name = "Pods-Example-RxSwift.debug.xcconfig"; path = "Target Support Files/Pods-Example-RxSwift/Pods-Example-RxSwift.debug.xcconfig"; sourceTree = "<group>"; };
		D68E77FC23753E575C25C370 /* Pods_Example_RxSwift.framework */ = {isa = PBXFileReference; explicitFileType = wrapper.framework; includeInIndex = 0; path = Pods_Example_RxSwift.framework; sourceTree = BUILT_PRODUCTS_DIR; };
/* End PBXFileReference section */

/* Begin PBXFrameworksBuildPhase section */
		4DC368B92729499400F65C95 /* Frameworks */ = {
			isa = PBXFrameworksBuildPhase;
			buildActionMask = 2147483647;
			files = (
				18F76E37B7A05F7BA6F62F55 /* Pods_Example_RxSwift.framework in Frameworks */,
			);
			runOnlyForDeploymentPostprocessing = 0;
		};
/* End PBXFrameworksBuildPhase section */

/* Begin PBXGroup section */
		43B78501A977B3E9A457D2A9 /* Frameworks */ = {
			isa = PBXGroup;
			children = (
				D68E77FC23753E575C25C370 /* Pods_Example_RxSwift.framework */,
			);
			name = Frameworks;
			sourceTree = "<group>";
		};
		4DC368B32729499400F65C95 = {
			isa = PBXGroup;
			children = (
				4DC368BE2729499400F65C95 /* Example-RxSwift */,
				4DC368BD2729499400F65C95 /* Products */,
				BC71588AC41A2A1298D0E70E /* Pods */,
				43B78501A977B3E9A457D2A9 /* Frameworks */,
			);
			sourceTree = "<group>";
		};
		4DC368BD2729499400F65C95 /* Products */ = {
			isa = PBXGroup;
			children = (
				4DC368BC2729499400F65C95 /* Example-RxSwift.app */,
			);
			name = Products;
			sourceTree = "<group>";
		};
		4DC368BE2729499400F65C95 /* Example-RxSwift */ = {
			isa = PBXGroup;
			children = (
				4DE5F0FF272BC40100186D02 /* Service */,
				4DC368BF2729499400F65C95 /* AppDelegate.swift */,
				4DC368C12729499400F65C95 /* SceneDelegate.swift */,
				4DE5F0ED272A68A100186D02 /* Zootopia.swift */,
				4DE5F102272BC83F00186D02 /* ViewController.swift */,
				4DC368C32729499400F65C95 /* SampleViewController.swift */,
				4DE5F0F0272A7BC800186D02 /* NumbersViewController.swift */,
				4DE5F0F2272A7F4F00186D02 /* ValidateViewController.swift */,
				4DE5F0F4272B9EE400186D02 /* RepeatViewController.swift */,
				4DE5F0FD272BBC6E00186D02 /* SimpleTableViewController.swift */,
				4DC368C52729499400F65C95 /* Main.storyboard */,
				4DC368C82729499700F65C95 /* Assets.xcassets */,
				4DC368CA2729499700F65C95 /* LaunchScreen.storyboard */,
				4DC368CD2729499700F65C95 /* Info.plist */,
			);
			path = "Example-RxSwift";
			sourceTree = "<group>";
		};
		4DE5F0FF272BC40100186D02 /* Service */ = {
			isa = PBXGroup;
			children = (
				4DE5F100272BC40D00186D02 /* WireFrame.swift */,
			);
			path = Service;
			sourceTree = "<group>";
		};
		BC71588AC41A2A1298D0E70E /* Pods */ = {
			isa = PBXGroup;
			children = (
				C15B1B7384F70C4CCE10D201 /* Pods-Example-RxSwift.debug.xcconfig */,
				3F4D8FB3BB5EAA26D5FB4D28 /* Pods-Example-RxSwift.release.xcconfig */,
			);
			path = Pods;
			sourceTree = "<group>";
		};
/* End PBXGroup section */

/* Begin PBXNativeTarget section */
		4DC368BB2729499400F65C95 /* Example-RxSwift */ = {
			isa = PBXNativeTarget;
			buildConfigurationList = 4DC368D02729499700F65C95 /* Build configuration list for PBXNativeTarget "Example-RxSwift" */;
			buildPhases = (
				D4B7A8B956CE97041B430E52 /* [CP] Check Pods Manifest.lock */,
				4DC368B82729499400F65C95 /* Sources */,
				4DC368B92729499400F65C95 /* Frameworks */,
				4DC368BA2729499400F65C95 /* Resources */,
				E1A531A6899423053D527C15 /* [CP] Embed Pods Frameworks */,
			);
			buildRules = (
			);
			dependencies = (
			);
			name = "Example-RxSwift";
			productName = "Example-RxSwift";
			productReference = 4DC368BC2729499400F65C95 /* Example-RxSwift.app */;
			productType = "com.apple.product-type.application";
		};
/* End PBXNativeTarget section */

/* Begin PBXProject section */
		4DC368B42729499400F65C95 /* Project object */ = {
			isa = PBXProject;
			attributes = {
				BuildIndependentTargetsInParallel = 1;
				LastSwiftUpdateCheck = 1310;
				LastUpgradeCheck = 1310;
				TargetAttributes = {
					4DC368BB2729499400F65C95 = {
						CreatedOnToolsVersion = 13.1;
					};
				};
			};
			buildConfigurationList = 4DC368B72729499400F65C95 /* Build configuration list for PBXProject "Example-RxSwift" */;
			compatibilityVersion = "Xcode 13.0";
			developmentRegion = en;
			hasScannedForEncodings = 0;
			knownRegions = (
				en,
				Base,
			);
			mainGroup = 4DC368B32729499400F65C95;
			productRefGroup = 4DC368BD2729499400F65C95 /* Products */;
			projectDirPath = "";
			projectRoot = "";
			targets = (
				4DC368BB2729499400F65C95 /* Example-RxSwift */,
			);
		};
/* End PBXProject section */

/* Begin PBXResourcesBuildPhase section */
		4DC368BA2729499400F65C95 /* Resources */ = {
			isa = PBXResourcesBuildPhase;
			buildActionMask = 2147483647;
			files = (
				4DC368CC2729499700F65C95 /* LaunchScreen.storyboard in Resources */,
				4DC368C92729499700F65C95 /* Assets.xcassets in Resources */,
				4DC368C72729499400F65C95 /* Main.storyboard in Resources */,
			);
			runOnlyForDeploymentPostprocessing = 0;
		};
/* End PBXResourcesBuildPhase section */

/* Begin PBXShellScriptBuildPhase section */
		D4B7A8B956CE97041B430E52 /* [CP] Check Pods Manifest.lock */ = {
			isa = PBXShellScriptBuildPhase;
			buildActionMask = 2147483647;
			files = (
			);
			inputFileListPaths = (
			);
			inputPaths = (
				"${PODS_PODFILE_DIR_PATH}/Podfile.lock",
				"${PODS_ROOT}/Manifest.lock",
			);
			name = "[CP] Check Pods Manifest.lock";
			outputFileListPaths = (
			);
			outputPaths = (
				"$(DERIVED_FILE_DIR)/Pods-Example-RxSwift-checkManifestLockResult.txt",
			);
			runOnlyForDeploymentPostprocessing = 0;
			shellPath = /bin/sh;
			shellScript = "diff \"${PODS_PODFILE_DIR_PATH}/Podfile.lock\" \"${PODS_ROOT}/Manifest.lock\" > /dev/null\nif [ $? != 0 ] ; then\n    # print error to STDERR\n    echo \"error: The sandbox is not in sync with the Podfile.lock. Run 'pod install' or update your CocoaPods installation.\" >&2\n    exit 1\nfi\n# This output is used by Xcode 'outputs' to avoid re-running this script phase.\necho \"SUCCESS\" > \"${SCRIPT_OUTPUT_FILE_0}\"\n";
			showEnvVarsInLog = 0;
		};
		E1A531A6899423053D527C15 /* [CP] Embed Pods Frameworks */ = {
			isa = PBXShellScriptBuildPhase;
			buildActionMask = 2147483647;
			files = (
			);
			inputFileListPaths = (
				"${PODS_ROOT}/Target Support Files/Pods-Example-RxSwift/Pods-Example-RxSwift-frameworks-${CONFIGURATION}-input-files.xcfilelist",
			);
			name = "[CP] Embed Pods Frameworks";
			outputFileListPaths = (
				"${PODS_ROOT}/Target Support Files/Pods-Example-RxSwift/Pods-Example-RxSwift-frameworks-${CONFIGURATION}-output-files.xcfilelist",
			);
			runOnlyForDeploymentPostprocessing = 0;
			shellPath = /bin/sh;
			shellScript = "\"${PODS_ROOT}/Target Support Files/Pods-Example-RxSwift/Pods-Example-RxSwift-frameworks.sh\"\n";
			showEnvVarsInLog = 0;
		};
/* End PBXShellScriptBuildPhase section */

/* Begin PBXSourcesBuildPhase section */
		4DC368B82729499400F65C95 /* Sources */ = {
			isa = PBXSourcesBuildPhase;
			buildActionMask = 2147483647;
			files = (
				4DE5F103272BC83F00186D02 /* ViewController.swift in Sources */,
				4DE5F0F5272B9EE400186D02 /* RepeatViewController.swift in Sources */,
				4DC368C42729499400F65C95 /* SampleViewController.swift in Sources */,
				4DC368C02729499400F65C95 /* AppDelegate.swift in Sources */,
				4DE5F0FE272BBC6E00186D02 /* SimpleTableViewController.swift in Sources */,
				4DE5F0EE272A68A100186D02 /* Zootopia.swift in Sources */,
				4DC368C22729499400F65C95 /* SceneDelegate.swift in Sources */,
				4DE5F0F3272A7F4F00186D02 /* ValidateViewController.swift in Sources */,
				4DE5F101272BC40D00186D02 /* WireFrame.swift in Sources */,
				4DE5F0F1272A7BC800186D02 /* NumbersViewController.swift in Sources */,
			);
			runOnlyForDeploymentPostprocessing = 0;
		};
/* End PBXSourcesBuildPhase section */

/* Begin PBXVariantGroup section */
		4DC368C52729499400F65C95 /* Main.storyboard */ = {
			isa = PBXVariantGroup;
			children = (
				4DC368C62729499400F65C95 /* Base */,
			);
			name = Main.storyboard;
			sourceTree = "<group>";
		};
		4DC368CA2729499700F65C95 /* LaunchScreen.storyboard */ = {
			isa = PBXVariantGroup;
			children = (
				4DC368CB2729499700F65C95 /* Base */,
			);
			name = LaunchScreen.storyboard;
			sourceTree = "<group>";
		};
/* End PBXVariantGroup section */

/* Begin XCBuildConfiguration section */
		4DC368CE2729499700F65C95 /* Debug */ = {
			isa = XCBuildConfiguration;
			buildSettings = {
				ALWAYS_SEARCH_USER_PATHS = NO;
				CLANG_ANALYZER_NONNULL = YES;
				CLANG_ANALYZER_NUMBER_OBJECT_CONVERSION = YES_AGGRESSIVE;
				CLANG_CXX_LANGUAGE_STANDARD = "gnu++17";
				CLANG_CXX_LIBRARY = "libc++";
				CLANG_ENABLE_MODULES = YES;
				CLANG_ENABLE_OBJC_ARC = YES;
				CLANG_ENABLE_OBJC_WEAK = YES;
				CLANG_WARN_BLOCK_CAPTURE_AUTORELEASING = YES;
				CLANG_WARN_BOOL_CONVERSION = YES;
				CLANG_WARN_COMMA = YES;
				CLANG_WARN_CONSTANT_CONVERSION = YES;
				CLANG_WARN_DEPRECATED_OBJC_IMPLEMENTATIONS = YES;
				CLANG_WARN_DIRECT_OBJC_ISA_USAGE = YES_ERROR;
				CLANG_WARN_DOCUMENTATION_COMMENTS = YES;
				CLANG_WARN_EMPTY_BODY = YES;
				CLANG_WARN_ENUM_CONVERSION = YES;
				CLANG_WARN_INFINITE_RECURSION = YES;
				CLANG_WARN_INT_CONVERSION = YES;
				CLANG_WARN_NON_LITERAL_NULL_CONVERSION = YES;
				CLANG_WARN_OBJC_IMPLICIT_RETAIN_SELF = YES;
				CLANG_WARN_OBJC_LITERAL_CONVERSION = YES;
				CLANG_WARN_OBJC_ROOT_CLASS = YES_ERROR;
				CLANG_WARN_QUOTED_INCLUDE_IN_FRAMEWORK_HEADER = YES;
				CLANG_WARN_RANGE_LOOP_ANALYSIS = YES;
				CLANG_WARN_STRICT_PROTOTYPES = YES;
				CLANG_WARN_SUSPICIOUS_MOVE = YES;
				CLANG_WARN_UNGUARDED_AVAILABILITY = YES_AGGRESSIVE;
				CLANG_WARN_UNREACHABLE_CODE = YES;
				CLANG_WARN__DUPLICATE_METHOD_MATCH = YES;
				COPY_PHASE_STRIP = NO;
				DEBUG_INFORMATION_FORMAT = dwarf;
				ENABLE_STRICT_OBJC_MSGSEND = YES;
				ENABLE_TESTABILITY = YES;
				GCC_C_LANGUAGE_STANDARD = gnu11;
				GCC_DYNAMIC_NO_PIC = NO;
				GCC_NO_COMMON_BLOCKS = YES;
				GCC_OPTIMIZATION_LEVEL = 0;
				GCC_PREPROCESSOR_DEFINITIONS = (
					"DEBUG=1",
					"$(inherited)",
				);
				GCC_WARN_64_TO_32_BIT_CONVERSION = YES;
				GCC_WARN_ABOUT_RETURN_TYPE = YES_ERROR;
				GCC_WARN_UNDECLARED_SELECTOR = YES;
				GCC_WARN_UNINITIALIZED_AUTOS = YES_AGGRESSIVE;
				GCC_WARN_UNUSED_FUNCTION = YES;
				GCC_WARN_UNUSED_VARIABLE = YES;
				IPHONEOS_DEPLOYMENT_TARGET = 13.0;
				MTL_ENABLE_DEBUG_INFO = INCLUDE_SOURCE;
				MTL_FAST_MATH = YES;
				ONLY_ACTIVE_ARCH = YES;
				SDKROOT = iphoneos;
				SWIFT_ACTIVE_COMPILATION_CONDITIONS = DEBUG;
				SWIFT_OPTIMIZATION_LEVEL = "-Onone";
			};
			name = Debug;
		};
		4DC368CF2729499700F65C95 /* Release */ = {
			isa = XCBuildConfiguration;
			buildSettings = {
				ALWAYS_SEARCH_USER_PATHS = NO;
				CLANG_ANALYZER_NONNULL = YES;
				CLANG_ANALYZER_NUMBER_OBJECT_CONVERSION = YES_AGGRESSIVE;
				CLANG_CXX_LANGUAGE_STANDARD = "gnu++17";
				CLANG_CXX_LIBRARY = "libc++";
				CLANG_ENABLE_MODULES = YES;
				CLANG_ENABLE_OBJC_ARC = YES;
				CLANG_ENABLE_OBJC_WEAK = YES;
				CLANG_WARN_BLOCK_CAPTURE_AUTORELEASING = YES;
				CLANG_WARN_BOOL_CONVERSION = YES;
				CLANG_WARN_COMMA = YES;
				CLANG_WARN_CONSTANT_CONVERSION = YES;
				CLANG_WARN_DEPRECATED_OBJC_IMPLEMENTATIONS = YES;
				CLANG_WARN_DIRECT_OBJC_ISA_USAGE = YES_ERROR;
				CLANG_WARN_DOCUMENTATION_COMMENTS = YES;
				CLANG_WARN_EMPTY_BODY = YES;
				CLANG_WARN_ENUM_CONVERSION = YES;
				CLANG_WARN_INFINITE_RECURSION = YES;
				CLANG_WARN_INT_CONVERSION = YES;
				CLANG_WARN_NON_LITERAL_NULL_CONVERSION = YES;
				CLANG_WARN_OBJC_IMPLICIT_RETAIN_SELF = YES;
				CLANG_WARN_OBJC_LITERAL_CONVERSION = YES;
				CLANG_WARN_OBJC_ROOT_CLASS = YES_ERROR;
				CLANG_WARN_QUOTED_INCLUDE_IN_FRAMEWORK_HEADER = YES;
				CLANG_WARN_RANGE_LOOP_ANALYSIS = YES;
				CLANG_WARN_STRICT_PROTOTYPES = YES;
				CLANG_WARN_SUSPICIOUS_MOVE = YES;
				CLANG_WARN_UNGUARDED_AVAILABILITY = YES_AGGRESSIVE;
				CLANG_WARN_UNREACHABLE_CODE = YES;
				CLANG_WARN__DUPLICATE_METHOD_MATCH = YES;
				COPY_PHASE_STRIP = NO;
				DEBUG_INFORMATION_FORMAT = "dwarf-with-dsym";
				ENABLE_NS_ASSERTIONS = NO;
				ENABLE_STRICT_OBJC_MSGSEND = YES;
				GCC_C_LANGUAGE_STANDARD = gnu11;
				GCC_NO_COMMON_BLOCKS = YES;
				GCC_WARN_64_TO_32_BIT_CONVERSION = YES;
				GCC_WARN_ABOUT_RETURN_TYPE = YES_ERROR;
				GCC_WARN_UNDECLARED_SELECTOR = YES;
				GCC_WARN_UNINITIALIZED_AUTOS = YES_AGGRESSIVE;
				GCC_WARN_UNUSED_FUNCTION = YES;
				GCC_WARN_UNUSED_VARIABLE = YES;
				IPHONEOS_DEPLOYMENT_TARGET = 13.0;
				MTL_ENABLE_DEBUG_INFO = NO;
				MTL_FAST_MATH = YES;
				SDKROOT = iphoneos;
				SWIFT_COMPILATION_MODE = wholemodule;
				SWIFT_OPTIMIZATION_LEVEL = "-O";
				VALIDATE_PRODUCT = YES;
			};
			name = Release;
		};
		4DC368D12729499700F65C95 /* Debug */ = {
			isa = XCBuildConfiguration;
			baseConfigurationReference = C15B1B7384F70C4CCE10D201 /* Pods-Example-RxSwift.debug.xcconfig */;
			buildSettings = {
				ASSETCATALOG_COMPILER_APPICON_NAME = AppIcon;
				ASSETCATALOG_COMPILER_GLOBAL_ACCENT_COLOR_NAME = AccentColor;
				CODE_SIGN_STYLE = Automatic;
				CURRENT_PROJECT_VERSION = 1;
				GENERATE_INFOPLIST_FILE = YES;
				INFOPLIST_FILE = "Example-RxSwift/Info.plist";
				INFOPLIST_KEY_UIApplicationSupportsIndirectInputEvents = YES;
				INFOPLIST_KEY_UILaunchStoryboardName = LaunchScreen;
				INFOPLIST_KEY_UIMainStoryboardFile = Main;
				INFOPLIST_KEY_UISupportedInterfaceOrientations = UIInterfaceOrientationPortrait;
				INFOPLIST_KEY_UISupportedInterfaceOrientations_iPad = "UIInterfaceOrientationPortrait UIInterfaceOrientationPortraitUpsideDown UIInterfaceOrientationLandscapeLeft UIInterfaceOrientationLandscapeRight";
				INFOPLIST_KEY_UISupportedInterfaceOrientations_iPhone = "UIInterfaceOrientationPortrait UIInterfaceOrientationLandscapeLeft UIInterfaceOrientationLandscapeRight";
				IPHONEOS_DEPLOYMENT_TARGET = 13.0;
				LD_RUNPATH_SEARCH_PATHS = (
					"$(inherited)",
					"@executable_path/Frameworks",
				);
				MARKETING_VERSION = 1.0;
				PRODUCT_BUNDLE_IDENTIFIER = "com.sample.Example-RxSwift";
				PRODUCT_NAME = "$(TARGET_NAME)";
				SWIFT_EMIT_LOC_STRINGS = YES;
				SWIFT_VERSION = 5.0;
				TARGETED_DEVICE_FAMILY = 1;
			};
			name = Debug;
		};
		4DC368D22729499700F65C95 /* Release */ = {
			isa = XCBuildConfiguration;
			baseConfigurationReference = 3F4D8FB3BB5EAA26D5FB4D28 /* Pods-Example-RxSwift.release.xcconfig */;
			buildSettings = {
				ASSETCATALOG_COMPILER_APPICON_NAME = AppIcon;
				ASSETCATALOG_COMPILER_GLOBAL_ACCENT_COLOR_NAME = AccentColor;
				CODE_SIGN_STYLE = Automatic;
				CURRENT_PROJECT_VERSION = 1;
				GENERATE_INFOPLIST_FILE = YES;
				INFOPLIST_FILE = "Example-RxSwift/Info.plist";
				INFOPLIST_KEY_UIApplicationSupportsIndirectInputEvents = YES;
				INFOPLIST_KEY_UILaunchStoryboardName = LaunchScreen;
				INFOPLIST_KEY_UIMainStoryboardFile = Main;
				INFOPLIST_KEY_UISupportedInterfaceOrientations = UIInterfaceOrientationPortrait;
				INFOPLIST_KEY_UISupportedInterfaceOrientations_iPad = "UIInterfaceOrientationPortrait UIInterfaceOrientationPortraitUpsideDown UIInterfaceOrientationLandscapeLeft UIInterfaceOrientationLandscapeRight";
				INFOPLIST_KEY_UISupportedInterfaceOrientations_iPhone = "UIInterfaceOrientationPortrait UIInterfaceOrientationLandscapeLeft UIInterfaceOrientationLandscapeRight";
				IPHONEOS_DEPLOYMENT_TARGET = 13.0;
				LD_RUNPATH_SEARCH_PATHS = (
					"$(inherited)",
					"@executable_path/Frameworks",
				);
				MARKETING_VERSION = 1.0;
				PRODUCT_BUNDLE_IDENTIFIER = "com.sample.Example-RxSwift";
				PRODUCT_NAME = "$(TARGET_NAME)";
				SWIFT_EMIT_LOC_STRINGS = YES;
				SWIFT_VERSION = 5.0;
				TARGETED_DEVICE_FAMILY = 1;
			};
			name = Release;
		};
/* End XCBuildConfiguration section */

/* Begin XCConfigurationList section */
		4DC368B72729499400F65C95 /* Build configuration list for PBXProject "Example-RxSwift" */ = {
			isa = XCConfigurationList;
			buildConfigurations = (
				4DC368CE2729499700F65C95 /* Debug */,
				4DC368CF2729499700F65C95 /* Release */,
			);
			defaultConfigurationIsVisible = 0;
			defaultConfigurationName = Release;
		};
		4DC368D02729499700F65C95 /* Build configuration list for PBXNativeTarget "Example-RxSwift" */ = {
			isa = XCConfigurationList;
			buildConfigurations = (
				4DC368D12729499700F65C95 /* Debug */,
				4DC368D22729499700F65C95 /* Release */,
			);
			defaultConfigurationIsVisible = 0;
			defaultConfigurationName = Release;
		};
/* End XCConfigurationList section */
	};
	rootObject = 4DC368B42729499400F65C95 /* Project object */;
}
