// !$*UTF8*$!
{
	archiveVersion = 1;
	classes = {
	};
	objectVersion = 53;
	objects = {

/* Begin PBXBuildFile section */
		034A23CD818FDFCF38DEDBC2 /* Pods_BluetoothImageTranfer.framework in Frameworks */ = {isa = PBXBuildFile; fileRef = 54C38A86C97EB9D5B6DFD95B /* Pods_BluetoothImageTranfer.framework */; };
		4D0C5D4326CF4586006ADCE2 /* AppDelegate.swift in Sources */ = {isa = PBXBuildFile; fileRef = 4D0C5D4226CF4586006ADCE2 /* AppDelegate.swift */; };
		4D0C5D4726CF4586006ADCE2 /* ViewController.swift in Sources */ = {isa = PBXBuildFile; fileRef = 4D0C5D4626CF4586006ADCE2 /* ViewController.swift */; };
		4D0C5D4A26CF4586006ADCE2 /* Main.storyboard in Resources */ = {isa = PBXBuildFile; fileRef = 4D0C5D4826CF4586006ADCE2 /* Main.storyboard */; };
		4D0C5D4C26CF4588006ADCE2 /* Assets.xcassets in Resources */ = {isa = PBXBuildFile; fileRef = 4D0C5D4B26CF4588006ADCE2 /* Assets.xcassets */; };
		4D0C5D4F26CF4588006ADCE2 /* LaunchScreen.storyboard in Resources */ = {isa = PBXBuildFile; fileRef = 4D0C5D4D26CF4588006ADCE2 /* LaunchScreen.storyboard */; };
		4D0C5D5A26CF48B1006ADCE2 /* CoreBluetoothService.swift in Sources */ = {isa = PBXBuildFile; fileRef = 4D0C5D5926CF48B1006ADCE2 /* CoreBluetoothService.swift */; };
		4D0C5D5D26CF4BC8006ADCE2 /* UIImage+Ext.swift in Sources */ = {isa = PBXBuildFile; fileRef = 4D0C5D5C26CF4BC8006ADCE2 /* UIImage+Ext.swift */; };
		4D0C5D5F26CF5422006ADCE2 /* StringProtocol+Ext.swift in Sources */ = {isa = PBXBuildFile; fileRef = 4D0C5D5E26CF5422006ADCE2 /* StringProtocol+Ext.swift */; };
/* End PBXBuildFile section */

/* Begin PBXFileReference section */
		4D0C5D3F26CF4586006ADCE2 /* BluetoothImageTranfer.app */ = {isa = PBXFileReference; explicitFileType = wrapper.application; includeInIndex = 0; path = BluetoothImageTranfer.app; sourceTree = BUILT_PRODUCTS_DIR; };
		4D0C5D4226CF4586006ADCE2 /* AppDelegate.swift */ = {isa = PBXFileReference; lastKnownFileType = sourcecode.swift; path = AppDelegate.swift; sourceTree = "<group>"; };
		4D0C5D4626CF4586006ADCE2 /* ViewController.swift */ = {isa = PBXFileReference; lastKnownFileType = sourcecode.swift; path = ViewController.swift; sourceTree = "<group>"; };
		4D0C5D4926CF4586006ADCE2 /* Base */ = {isa = PBXFileReference; lastKnownFileType = file.storyboard; name = Base; path = Base.lproj/Main.storyboard; sourceTree = "<group>"; };
		4D0C5D4B26CF4588006ADCE2 /* Assets.xcassets */ = {isa = PBXFileReference; lastKnownFileType = folder.assetcatalog; path = Assets.xcassets; sourceTree = "<group>"; };
		4D0C5D4E26CF4588006ADCE2 /* Base */ = {isa = PBXFileReference; lastKnownFileType = file.storyboard; name = Base; path = Base.lproj/LaunchScreen.storyboard; sourceTree = "<group>"; };
		4D0C5D5026CF4588006ADCE2 /* Info.plist */ = {isa = PBXFileReference; lastKnownFileType = text.plist.xml; path = Info.plist; sourceTree = "<group>"; };
		4D0C5D5926CF48B1006ADCE2 /* CoreBluetoothService.swift */ = {isa = PBXFileReference; lastKnownFileType = sourcecode.swift; path = CoreBluetoothService.swift; sourceTree = "<group>"; };
		4D0C5D5C26CF4BC8006ADCE2 /* UIImage+Ext.swift */ = {isa = PBXFileReference; lastKnownFileType = sourcecode.swift; path = "UIImage+Ext.swift"; sourceTree = "<group>"; };
		4D0C5D5E26CF5422006ADCE2 /* StringProtocol+Ext.swift */ = {isa = PBXFileReference; lastKnownFileType = sourcecode.swift; path = "StringProtocol+Ext.swift"; sourceTree = "<group>"; };
		54C38A86C97EB9D5B6DFD95B /* Pods_BluetoothImageTranfer.framework */ = {isa = PBXFileReference; explicitFileType = wrapper.framework; includeInIndex = 0; path = Pods_BluetoothImageTranfer.framework; sourceTree = BUILT_PRODUCTS_DIR; };
		7B11AD4116CA6298904857C0 /* Pods-BluetoothImageTranfer.release.xcconfig */ = {isa = PBXFileReference; includeInIndex = 1; lastKnownFileType = text.xcconfig; name = "Pods-BluetoothImageTranfer.release.xcconfig"; path = "Target Support Files/Pods-BluetoothImageTranfer/Pods-BluetoothImageTranfer.release.xcconfig"; sourceTree = "<group>"; };
		D477D65F3568DC6F8C0F9544 /* Pods-BluetoothImageTranfer.debug.xcconfig */ = {isa = PBXFileReference; includeInIndex = 1; lastKnownFileType = text.xcconfig; name = "Pods-BluetoothImageTranfer.debug.xcconfig"; path = "Target Support Files/Pods-BluetoothImageTranfer/Pods-BluetoothImageTranfer.debug.xcconfig"; sourceTree = "<group>"; };
/* End PBXFileReference section */

/* Begin PBXFrameworksBuildPhase section */
		4D0C5D3C26CF4586006ADCE2 /* Frameworks */ = {
			isa = PBXFrameworksBuildPhase;
			buildActionMask = 2147483647;
			files = (
				034A23CD818FDFCF38DEDBC2 /* Pods_BluetoothImageTranfer.framework in Frameworks */,
			);
			runOnlyForDeploymentPostprocessing = 0;
		};
/* End PBXFrameworksBuildPhase section */

/* Begin PBXGroup section */
		46DA560F084F6F691F1CCD6A /* Pods */ = {
			isa = PBXGroup;
			children = (
				D477D65F3568DC6F8C0F9544 /* Pods-BluetoothImageTranfer.debug.xcconfig */,
				7B11AD4116CA6298904857C0 /* Pods-BluetoothImageTranfer.release.xcconfig */,
			);
			name = Pods;
			path = Pods;
			sourceTree = "<group>";
		};
		4D0C5D3626CF4586006ADCE2 = {
			isa = PBXGroup;
			children = (
				4D0C5D4126CF4586006ADCE2 /* BluetoothImageTranfer */,
				4D0C5D4026CF4586006ADCE2 /* Products */,
				46DA560F084F6F691F1CCD6A /* Pods */,
				D9B18BFBCA98B196081307DB /* Frameworks */,
			);
			sourceTree = "<group>";
		};
		4D0C5D4026CF4586006ADCE2 /* Products */ = {
			isa = PBXGroup;
			children = (
				4D0C5D3F26CF4586006ADCE2 /* BluetoothImageTranfer.app */,
			);
			name = Products;
			sourceTree = "<group>";
		};
		4D0C5D4126CF4586006ADCE2 /* BluetoothImageTranfer */ = {
			isa = PBXGroup;
			children = (
				4D0C5D5B26CF4BB9006ADCE2 /* Extension */,
				4D0C5D5826CF45BA006ADCE2 /* Model */,
				4D0C5D5726CF45B3006ADCE2 /* View */,
				4D0C5D5626CF45AD006ADCE2 /* Controller */,
				4D0C5D4226CF4586006ADCE2 /* AppDelegate.swift */,
				4D0C5D5026CF4588006ADCE2 /* Info.plist */,
			);
			path = BluetoothImageTranfer;
			sourceTree = "<group>";
		};
		4D0C5D5626CF45AD006ADCE2 /* Controller */ = {
			isa = PBXGroup;
			children = (
				4D0C5D4626CF4586006ADCE2 /* ViewController.swift */,
			);
			path = Controller;
			sourceTree = "<group>";
		};
		4D0C5D5726CF45B3006ADCE2 /* View */ = {
			isa = PBXGroup;
			children = (
				4D0C5D4826CF4586006ADCE2 /* Main.storyboard */,
				4D0C5D4B26CF4588006ADCE2 /* Assets.xcassets */,
				4D0C5D4D26CF4588006ADCE2 /* LaunchScreen.storyboard */,
			);
			path = View;
			sourceTree = "<group>";
		};
		4D0C5D5826CF45BA006ADCE2 /* Model */ = {
			isa = PBXGroup;
			children = (
				4D0C5D5926CF48B1006ADCE2 /* CoreBluetoothService.swift */,
			);
			path = Model;
			sourceTree = "<group>";
		};
		4D0C5D5B26CF4BB9006ADCE2 /* Extension */ = {
			isa = PBXGroup;
			children = (
				4D0C5D5C26CF4BC8006ADCE2 /* UIImage+Ext.swift */,
				4D0C5D5E26CF5422006ADCE2 /* StringProtocol+Ext.swift */,
			);
			path = Extension;
			sourceTree = "<group>";
		};
		D9B18BFBCA98B196081307DB /* Frameworks */ = {
			isa = PBXGroup;
			children = (
				54C38A86C97EB9D5B6DFD95B /* Pods_BluetoothImageTranfer.framework */,
			);
			name = Frameworks;
			sourceTree = "<group>";
		};
/* End PBXGroup section */

/* Begin PBXNativeTarget section */
		4D0C5D3E26CF4586006ADCE2 /* BluetoothImageTranfer */ = {
			isa = PBXNativeTarget;
			buildConfigurationList = 4D0C5D5326CF4588006ADCE2 /* Build configuration list for PBXNativeTarget "BluetoothImageTranfer" */;
			buildPhases = (
				6530AC388700AF3FBC3F48FA /* [CP] Check Pods Manifest.lock */,
				4D0C5D3B26CF4586006ADCE2 /* Sources */,
				4D0C5D3C26CF4586006ADCE2 /* Frameworks */,
				4D0C5D3D26CF4586006ADCE2 /* Resources */,
				16E1BBA0BD78F4DE1A71A162 /* [CP] Embed Pods Frameworks */,
			);
			buildRules = (
			);
			dependencies = (
			);
			name = BluetoothImageTranfer;
			productName = BluetoothImageTranfer;
			productReference = 4D0C5D3F26CF4586006ADCE2 /* BluetoothImageTranfer.app */;
			productType = "com.apple.product-type.application";
		};
/* End PBXNativeTarget section */

/* Begin PBXProject section */
		4D0C5D3726CF4586006ADCE2 /* Project object */ = {
			isa = PBXProject;
			attributes = {
				BuildIndependentTargetsInParallel = 1;
				LastSwiftUpdateCheck = 1300;
				LastUpgradeCheck = 1300;
				TargetAttributes = {
					4D0C5D3E26CF4586006ADCE2 = {
						CreatedOnToolsVersion = 13.0;
					};
				};
			};
			buildConfigurationList = 4D0C5D3A26CF4586006ADCE2 /* Build configuration list for PBXProject "BluetoothImageTranfer" */;
			compatibilityVersion = "Xcode 9.3";
			developmentRegion = en;
			hasScannedForEncodings = 0;
			knownRegions = (
				en,
				Base,
			);
			mainGroup = 4D0C5D3626CF4586006ADCE2;
			productRefGroup = 4D0C5D4026CF4586006ADCE2 /* Products */;
			projectDirPath = "";
			projectRoot = "";
			targets = (
				4D0C5D3E26CF4586006ADCE2 /* BluetoothImageTranfer */,
			);
		};
/* End PBXProject section */

/* Begin PBXResourcesBuildPhase section */
		4D0C5D3D26CF4586006ADCE2 /* Resources */ = {
			isa = PBXResourcesBuildPhase;
			buildActionMask = 2147483647;
			files = (
				4D0C5D4F26CF4588006ADCE2 /* LaunchScreen.storyboard in Resources */,
				4D0C5D4C26CF4588006ADCE2 /* Assets.xcassets in Resources */,
				4D0C5D4A26CF4586006ADCE2 /* Main.storyboard in Resources */,
			);
			runOnlyForDeploymentPostprocessing = 0;
		};
/* End PBXResourcesBuildPhase section */

/* Begin PBXShellScriptBuildPhase section */
		16E1BBA0BD78F4DE1A71A162 /* [CP] Embed Pods Frameworks */ = {
			isa = PBXShellScriptBuildPhase;
			buildActionMask = 2147483647;
			files = (
			);
			inputFileListPaths = (
				"${PODS_ROOT}/Target Support Files/Pods-BluetoothImageTranfer/Pods-BluetoothImageTranfer-frameworks-${CONFIGURATION}-input-files.xcfilelist",
			);
			name = "[CP] Embed Pods Frameworks";
			outputFileListPaths = (
				"${PODS_ROOT}/Target Support Files/Pods-BluetoothImageTranfer/Pods-BluetoothImageTranfer-frameworks-${CONFIGURATION}-output-files.xcfilelist",
			);
			runOnlyForDeploymentPostprocessing = 0;
			shellPath = /bin/sh;
			shellScript = "\"${PODS_ROOT}/Target Support Files/Pods-BluetoothImageTranfer/Pods-BluetoothImageTranfer-frameworks.sh\"\n";
			showEnvVarsInLog = 0;
		};
		6530AC388700AF3FBC3F48FA /* [CP] Check Pods Manifest.lock */ = {
			isa = PBXShellScriptBuildPhase;
			buildActionMask = 2147483647;
			files = (
			);
			inputFileListPaths = (
			);
			inputPaths = (
				"${PODS_PODFILE_DIR_PATH}/Podfile.lock",
				"${PODS_ROOT}/Manifest.lock",
			);
			name = "[CP] Check Pods Manifest.lock";
			outputFileListPaths = (
			);
			outputPaths = (
				"$(DERIVED_FILE_DIR)/Pods-BluetoothImageTranfer-checkManifestLockResult.txt",
			);
			runOnlyForDeploymentPostprocessing = 0;
			shellPath = /bin/sh;
			shellScript = "diff \"${PODS_PODFILE_DIR_PATH}/Podfile.lock\" \"${PODS_ROOT}/Manifest.lock\" > /dev/null\nif [ $? != 0 ] ; then\n    # print error to STDERR\n    echo \"error: The sandbox is not in sync with the Podfile.lock. Run 'pod install' or update your CocoaPods installation.\" >&2\n    exit 1\nfi\n# This output is used by Xcode 'outputs' to avoid re-running this script phase.\necho \"SUCCESS\" > \"${SCRIPT_OUTPUT_FILE_0}\"\n";
			showEnvVarsInLog = 0;
		};
/* End PBXShellScriptBuildPhase section */

/* Begin PBXSourcesBuildPhase section */
		4D0C5D3B26CF4586006ADCE2 /* Sources */ = {
			isa = PBXSourcesBuildPhase;
			buildActionMask = 2147483647;
			files = (
				4D0C5D5A26CF48B1006ADCE2 /* CoreBluetoothService.swift in Sources */,
				4D0C5D5F26CF5422006ADCE2 /* StringProtocol+Ext.swift in Sources */,
				4D0C5D5D26CF4BC8006ADCE2 /* UIImage+Ext.swift in Sources */,
				4D0C5D4726CF4586006ADCE2 /* ViewController.swift in Sources */,
				4D0C5D4326CF4586006ADCE2 /* AppDelegate.swift in Sources */,
			);
			runOnlyForDeploymentPostprocessing = 0;
		};
/* End PBXSourcesBuildPhase section */

/* Begin PBXVariantGroup section */
		4D0C5D4826CF4586006ADCE2 /* Main.storyboard */ = {
			isa = PBXVariantGroup;
			children = (
				4D0C5D4926CF4586006ADCE2 /* Base */,
			);
			name = Main.storyboard;
			sourceTree = "<group>";
		};
		4D0C5D4D26CF4588006ADCE2 /* LaunchScreen.storyboard */ = {
			isa = PBXVariantGroup;
			children = (
				4D0C5D4E26CF4588006ADCE2 /* Base */,
			);
			name = LaunchScreen.storyboard;
			sourceTree = "<group>";
		};
/* End PBXVariantGroup section */

/* Begin XCBuildConfiguration section */
		4D0C5D5126CF4588006ADCE2 /* Debug */ = {
			isa = XCBuildConfiguration;
			buildSettings = {
				ALWAYS_SEARCH_USER_PATHS = NO;
				CLANG_ANALYZER_NONNULL = YES;
				CLANG_ANALYZER_NUMBER_OBJECT_CONVERSION = YES_AGGRESSIVE;
				CLANG_CXX_LANGUAGE_STANDARD = "gnu++17";
				CLANG_CXX_LIBRARY = "libc++";
				CLANG_ENABLE_MODULES = YES;
				CLANG_ENABLE_OBJC_ARC = YES;
				CLANG_ENABLE_OBJC_WEAK = YES;
				CLANG_WARN_BLOCK_CAPTURE_AUTORELEASING = YES;
				CLANG_WARN_BOOL_CONVERSION = YES;
				CLANG_WARN_COMMA = YES;
				CLANG_WARN_CONSTANT_CONVERSION = YES;
				CLANG_WARN_DEPRECATED_OBJC_IMPLEMENTATIONS = YES;
				CLANG_WARN_DIRECT_OBJC_ISA_USAGE = YES_ERROR;
				CLANG_WARN_DOCUMENTATION_COMMENTS = YES;
				CLANG_WARN_EMPTY_BODY = YES;
				CLANG_WARN_ENUM_CONVERSION = YES;
				CLANG_WARN_INFINITE_RECURSION = YES;
				CLANG_WARN_INT_CONVERSION = YES;
				CLANG_WARN_NON_LITERAL_NULL_CONVERSION = YES;
				CLANG_WARN_OBJC_IMPLICIT_RETAIN_SELF = YES;
				CLANG_WARN_OBJC_LITERAL_CONVERSION = YES;
				CLANG_WARN_OBJC_ROOT_CLASS = YES_ERROR;
				CLANG_WARN_QUOTED_INCLUDE_IN_FRAMEWORK_HEADER = YES;
				CLANG_WARN_RANGE_LOOP_ANALYSIS = YES;
				CLANG_WARN_STRICT_PROTOTYPES = YES;
				CLANG_WARN_SUSPICIOUS_MOVE = YES;
				CLANG_WARN_UNGUARDED_AVAILABILITY = YES_AGGRESSIVE;
				CLANG_WARN_UNREACHABLE_CODE = YES;
				CLANG_WARN__DUPLICATE_METHOD_MATCH = YES;
				COPY_PHASE_STRIP = NO;
				DEBUG_INFORMATION_FORMAT = dwarf;
				ENABLE_STRICT_OBJC_MSGSEND = YES;
				ENABLE_TESTABILITY = YES;
				GCC_C_LANGUAGE_STANDARD = gnu11;
				GCC_DYNAMIC_NO_PIC = NO;
				GCC_NO_COMMON_BLOCKS = YES;
				GCC_OPTIMIZATION_LEVEL = 0;
				GCC_PREPROCESSOR_DEFINITIONS = (
					"DEBUG=1",
					"$(inherited)",
				);
				GCC_WARN_64_TO_32_BIT_CONVERSION = YES;
				GCC_WARN_ABOUT_RETURN_TYPE = YES_ERROR;
				GCC_WARN_UNDECLARED_SELECTOR = YES;
				GCC_WARN_UNINITIALIZED_AUTOS = YES_AGGRESSIVE;
				GCC_WARN_UNUSED_FUNCTION = YES;
				GCC_WARN_UNUSED_VARIABLE = YES;
				IPHONEOS_DEPLOYMENT_TARGET = 12.0;
				MTL_ENABLE_DEBUG_INFO = INCLUDE_SOURCE;
				MTL_FAST_MATH = YES;
				ONLY_ACTIVE_ARCH = YES;
				SDKROOT = iphoneos;
				SWIFT_ACTIVE_COMPILATION_CONDITIONS = DEBUG;
				SWIFT_OPTIMIZATION_LEVEL = "-Onone";
			};
			name = Debug;
		};
		4D0C5D5226CF4588006ADCE2 /* Release */ = {
			isa = XCBuildConfiguration;
			buildSettings = {
				ALWAYS_SEARCH_USER_PATHS = NO;
				CLANG_ANALYZER_NONNULL = YES;
				CLANG_ANALYZER_NUMBER_OBJECT_CONVERSION = YES_AGGRESSIVE;
				CLANG_CXX_LANGUAGE_STANDARD = "gnu++17";
				CLANG_CXX_LIBRARY = "libc++";
				CLANG_ENABLE_MODULES = YES;
				CLANG_ENABLE_OBJC_ARC = YES;
				CLANG_ENABLE_OBJC_WEAK = YES;
				CLANG_WARN_BLOCK_CAPTURE_AUTORELEASING = YES;
				CLANG_WARN_BOOL_CONVERSION = YES;
				CLANG_WARN_COMMA = YES;
				CLANG_WARN_CONSTANT_CONVERSION = YES;
				CLANG_WARN_DEPRECATED_OBJC_IMPLEMENTATIONS = YES;
				CLANG_WARN_DIRECT_OBJC_ISA_USAGE = YES_ERROR;
				CLANG_WARN_DOCUMENTATION_COMMENTS = YES;
				CLANG_WARN_EMPTY_BODY = YES;
				CLANG_WARN_ENUM_CONVERSION = YES;
				CLANG_WARN_INFINITE_RECURSION = YES;
				CLANG_WARN_INT_CONVERSION = YES;
				CLANG_WARN_NON_LITERAL_NULL_CONVERSION = YES;
				CLANG_WARN_OBJC_IMPLICIT_RETAIN_SELF = YES;
				CLANG_WARN_OBJC_LITERAL_CONVERSION = YES;
				CLANG_WARN_OBJC_ROOT_CLASS = YES_ERROR;
				CLANG_WARN_QUOTED_INCLUDE_IN_FRAMEWORK_HEADER = YES;
				CLANG_WARN_RANGE_LOOP_ANALYSIS = YES;
				CLANG_WARN_STRICT_PROTOTYPES = YES;
				CLANG_WARN_SUSPICIOUS_MOVE = YES;
				CLANG_WARN_UNGUARDED_AVAILABILITY = YES_AGGRESSIVE;
				CLANG_WARN_UNREACHABLE_CODE = YES;
				CLANG_WARN__DUPLICATE_METHOD_MATCH = YES;
				COPY_PHASE_STRIP = NO;
				DEBUG_INFORMATION_FORMAT = "dwarf-with-dsym";
				ENABLE_NS_ASSERTIONS = NO;
				ENABLE_STRICT_OBJC_MSGSEND = YES;
				GCC_C_LANGUAGE_STANDARD = gnu11;
				GCC_NO_COMMON_BLOCKS = YES;
				GCC_WARN_64_TO_32_BIT_CONVERSION = YES;
				GCC_WARN_ABOUT_RETURN_TYPE = YES_ERROR;
				GCC_WARN_UNDECLARED_SELECTOR = YES;
				GCC_WARN_UNINITIALIZED_AUTOS = YES_AGGRESSIVE;
				GCC_WARN_UNUSED_FUNCTION = YES;
				GCC_WARN_UNUSED_VARIABLE = YES;
				IPHONEOS_DEPLOYMENT_TARGET = 12.0;
				MTL_ENABLE_DEBUG_INFO = NO;
				MTL_FAST_MATH = YES;
				SDKROOT = iphoneos;
				SWIFT_COMPILATION_MODE = wholemodule;
				SWIFT_OPTIMIZATION_LEVEL = "-O";
				VALIDATE_PRODUCT = YES;
			};
			name = Release;
		};
		4D0C5D5426CF4588006ADCE2 /* Debug */ = {
			isa = XCBuildConfiguration;
			baseConfigurationReference = D477D65F3568DC6F8C0F9544 /* Pods-BluetoothImageTranfer.debug.xcconfig */;
			buildSettings = {
				ASSETCATALOG_COMPILER_APPICON_NAME = AppIcon;
				ASSETCATALOG_COMPILER_GLOBAL_ACCENT_COLOR_NAME = AccentColor;
				CODE_SIGN_STYLE = Automatic;
				CURRENT_PROJECT_VERSION = 1;
				DEVELOPMENT_TEAM = T59N98762C;
				GENERATE_INFOPLIST_FILE = YES;
				INFOPLIST_FILE = BluetoothImageTranfer/Info.plist;
				INFOPLIST_KEY_UIApplicationSupportsIndirectInputEvents = YES;
				INFOPLIST_KEY_UILaunchStoryboardName = LaunchScreen;
				INFOPLIST_KEY_UIMainStoryboardFile = Main;
				INFOPLIST_KEY_UISupportedInterfaceOrientations_iPad = "UIInterfaceOrientationPortrait UIInterfaceOrientationPortraitUpsideDown UIInterfaceOrientationLandscapeLeft UIInterfaceOrientationLandscapeRight";
				INFOPLIST_KEY_UISupportedInterfaceOrientations_iPhone = "UIInterfaceOrientationPortrait UIInterfaceOrientationLandscapeLeft UIInterfaceOrientationLandscapeRight";
				LD_RUNPATH_SEARCH_PATHS = (
					"$(inherited)",
					"@executable_path/Frameworks",
				);
				MARKETING_VERSION = 1.0;
				PRODUCT_BUNDLE_IDENTIFIER = sample.BluetoothImageTranfer;
				PRODUCT_NAME = "$(TARGET_NAME)";
				SWIFT_EMIT_LOC_STRINGS = YES;
				SWIFT_VERSION = 5.0;
				TARGETED_DEVICE_FAMILY = 1;
			};
			name = Debug;
		};
		4D0C5D5526CF4588006ADCE2 /* Release */ = {
			isa = XCBuildConfiguration;
			baseConfigurationReference = 7B11AD4116CA6298904857C0 /* Pods-BluetoothImageTranfer.release.xcconfig */;
			buildSettings = {
				ASSETCATALOG_COMPILER_APPICON_NAME = AppIcon;
				ASSETCATALOG_COMPILER_GLOBAL_ACCENT_COLOR_NAME = AccentColor;
				CODE_SIGN_STYLE = Automatic;
				CURRENT_PROJECT_VERSION = 1;
				DEVELOPMENT_TEAM = T59N98762C;
				GENERATE_INFOPLIST_FILE = YES;
				INFOPLIST_FILE = BluetoothImageTranfer/Info.plist;
				INFOPLIST_KEY_UIApplicationSupportsIndirectInputEvents = YES;
				INFOPLIST_KEY_UILaunchStoryboardName = LaunchScreen;
				INFOPLIST_KEY_UIMainStoryboardFile = Main;
				INFOPLIST_KEY_UISupportedInterfaceOrientations_iPad = "UIInterfaceOrientationPortrait UIInterfaceOrientationPortraitUpsideDown UIInterfaceOrientationLandscapeLeft UIInterfaceOrientationLandscapeRight";
				INFOPLIST_KEY_UISupportedInterfaceOrientations_iPhone = "UIInterfaceOrientationPortrait UIInterfaceOrientationLandscapeLeft UIInterfaceOrientationLandscapeRight";
				LD_RUNPATH_SEARCH_PATHS = (
					"$(inherited)",
					"@executable_path/Frameworks",
				);
				MARKETING_VERSION = 1.0;
				PRODUCT_BUNDLE_IDENTIFIER = sample.BluetoothImageTranfer;
				PRODUCT_NAME = "$(TARGET_NAME)";
				SWIFT_EMIT_LOC_STRINGS = YES;
				SWIFT_VERSION = 5.0;
				TARGETED_DEVICE_FAMILY = 1;
			};
			name = Release;
		};
/* End XCBuildConfiguration section */

/* Begin XCConfigurationList section */
		4D0C5D3A26CF4586006ADCE2 /* Build configuration list for PBXProject "BluetoothImageTranfer" */ = {
			isa = XCConfigurationList;
			buildConfigurations = (
				4D0C5D5126CF4588006ADCE2 /* Debug */,
				4D0C5D5226CF4588006ADCE2 /* Release */,
			);
			defaultConfigurationIsVisible = 0;
			defaultConfigurationName = Release;
		};
		4D0C5D5326CF4588006ADCE2 /* Build configuration list for PBXNativeTarget "BluetoothImageTranfer" */ = {
			isa = XCConfigurationList;
			buildConfigurations = (
				4D0C5D5426CF4588006ADCE2 /* Debug */,
				4D0C5D5526CF4588006ADCE2 /* Release */,
			);
			defaultConfigurationIsVisible = 0;
			defaultConfigurationName = Release;
		};
/* End XCConfigurationList section */
	};
	rootObject = 4D0C5D3726CF4586006ADCE2 /* Project object */;
}
