// !$*UTF8*$!
{
	archiveVersion = 1;
	classes = {
	};
	objectVersion = 50;
	objects = {

/* Begin PBXBuildFile section */
		4DE667D32643B2E000597504 /* AppDelegate.swift in Sources */ = {isa = PBXBuildFile; fileRef = 4DE667D22643B2E000597504 /* AppDelegate.swift */; };
		4DE667D52643B2E000597504 /* SceneDelegate.swift in Sources */ = {isa = PBXBuildFile; fileRef = 4DE667D42643B2E000597504 /* SceneDelegate.swift */; };
		4DE667D72643B2E000597504 /* ViewController.swift in Sources */ = {isa = PBXBuildFile; fileRef = 4DE667D62643B2E000597504 /* ViewController.swift */; };
		4DE667DA2643B2E000597504 /* Main.storyboard in Resources */ = {isa = PBXBuildFile; fileRef = 4DE667D82643B2E000597504 /* Main.storyboard */; };
		4DE667DC2643B2E000597504 /* Assets.xcassets in Resources */ = {isa = PBXBuildFile; fileRef = 4DE667DB2643B2E000597504 /* Assets.xcassets */; };
		4DE667DF2643B2E000597504 /* LaunchScreen.storyboard in Resources */ = {isa = PBXBuildFile; fileRef = 4DE667DD2643B2E000597504 /* LaunchScreen.storyboard */; };
		4DE667E82643B34000597504 /* GoogleService-Info.plist in Resources */ = {isa = PBXBuildFile; fileRef = 4DE667E72643B34000597504 /* GoogleService-Info.plist */; };
		7BE05ADDD41DA1BDA4D2B1B1 /* Pods_Database.framework in Frameworks */ = {isa = PBXBuildFile; fileRef = 1F87AF13ECDB723979D75C6D /* Pods_Database.framework */; };
/* End PBXBuildFile section */

/* Begin PBXFileReference section */
		1F87AF13ECDB723979D75C6D /* Pods_Database.framework */ = {isa = PBXFileReference; explicitFileType = wrapper.framework; includeInIndex = 0; path = Pods_Database.framework; sourceTree = BUILT_PRODUCTS_DIR; };
		4DE667CF2643B2E000597504 /* Database.app */ = {isa = PBXFileReference; explicitFileType = wrapper.application; includeInIndex = 0; path = Database.app; sourceTree = BUILT_PRODUCTS_DIR; };
		4DE667D22643B2E000597504 /* AppDelegate.swift */ = {isa = PBXFileReference; lastKnownFileType = sourcecode.swift; path = AppDelegate.swift; sourceTree = "<group>"; };
		4DE667D42643B2E000597504 /* SceneDelegate.swift */ = {isa = PBXFileReference; lastKnownFileType = sourcecode.swift; path = SceneDelegate.swift; sourceTree = "<group>"; };
		4DE667D62643B2E000597504 /* ViewController.swift */ = {isa = PBXFileReference; lastKnownFileType = sourcecode.swift; path = ViewController.swift; sourceTree = "<group>"; };
		4DE667D92643B2E000597504 /* Base */ = {isa = PBXFileReference; lastKnownFileType = file.storyboard; name = Base; path = Base.lproj/Main.storyboard; sourceTree = "<group>"; };
		4DE667DB2643B2E000597504 /* Assets.xcassets */ = {isa = PBXFileReference; lastKnownFileType = folder.assetcatalog; path = Assets.xcassets; sourceTree = "<group>"; };
		4DE667DE2643B2E000597504 /* Base */ = {isa = PBXFileReference; lastKnownFileType = file.storyboard; name = Base; path = Base.lproj/LaunchScreen.storyboard; sourceTree = "<group>"; };
		4DE667E02643B2E000597504 /* Info.plist */ = {isa = PBXFileReference; lastKnownFileType = text.plist.xml; path = Info.plist; sourceTree = "<group>"; };
		4DE667E72643B34000597504 /* GoogleService-Info.plist */ = {isa = PBXFileReference; lastKnownFileType = text.plist; path = "GoogleService-Info.plist"; sourceTree = SOURCE_ROOT; };
		D56A4B0776C3A0467F19EDFB /* Pods-Database.debug.xcconfig */ = {isa = PBXFileReference; includeInIndex = 1; lastKnownFileType = text.xcconfig; name = "Pods-Database.debug.xcconfig"; path = "Target Support Files/Pods-Database/Pods-Database.debug.xcconfig"; sourceTree = "<group>"; };
		F1481CCDEC5A3E720B68375D /* Pods-Database.release.xcconfig */ = {isa = PBXFileReference; includeInIndex = 1; lastKnownFileType = text.xcconfig; name = "Pods-Database.release.xcconfig"; path = "Target Support Files/Pods-Database/Pods-Database.release.xcconfig"; sourceTree = "<group>"; };
/* End PBXFileReference section */

/* Begin PBXFrameworksBuildPhase section */
		4DE667CC2643B2E000597504 /* Frameworks */ = {
			isa = PBXFrameworksBuildPhase;
			buildActionMask = 2147483647;
			files = (
				7BE05ADDD41DA1BDA4D2B1B1 /* Pods_Database.framework in Frameworks */,
			);
			runOnlyForDeploymentPostprocessing = 0;
		};
/* End PBXFrameworksBuildPhase section */

/* Begin PBXGroup section */
		03CAE33470091153E47DAB2B /* Pods */ = {
			isa = PBXGroup;
			children = (
				D56A4B0776C3A0467F19EDFB /* Pods-Database.debug.xcconfig */,
				F1481CCDEC5A3E720B68375D /* Pods-Database.release.xcconfig */,
			);
			name = Pods;
			path = Pods;
			sourceTree = "<group>";
		};
		12CF1B441448418A26FC75B3 /* Frameworks */ = {
			isa = PBXGroup;
			children = (
				1F87AF13ECDB723979D75C6D /* Pods_Database.framework */,
			);
			name = Frameworks;
			sourceTree = "<group>";
		};
		4DE667C62643B2E000597504 = {
			isa = PBXGroup;
			children = (
				4DE667D12643B2E000597504 /* Database */,
				4DE667D02643B2E000597504 /* Products */,
				03CAE33470091153E47DAB2B /* Pods */,
				12CF1B441448418A26FC75B3 /* Frameworks */,
			);
			sourceTree = "<group>";
		};
		4DE667D02643B2E000597504 /* Products */ = {
			isa = PBXGroup;
			children = (
				4DE667CF2643B2E000597504 /* Database.app */,
			);
			name = Products;
			sourceTree = "<group>";
		};
		4DE667D12643B2E000597504 /* Database */ = {
			isa = PBXGroup;
			children = (
				4DE667D22643B2E000597504 /* AppDelegate.swift */,
				4DE667D42643B2E000597504 /* SceneDelegate.swift */,
				4DE667D62643B2E000597504 /* ViewController.swift */,
				4DE667D82643B2E000597504 /* Main.storyboard */,
				4DE667DB2643B2E000597504 /* Assets.xcassets */,
				4DE667DD2643B2E000597504 /* LaunchScreen.storyboard */,
				4DE667E02643B2E000597504 /* Info.plist */,
				4DE667E72643B34000597504 /* GoogleService-Info.plist */,
			);
			path = Database;
			sourceTree = "<group>";
		};
/* End PBXGroup section */

/* Begin PBXNativeTarget section */
		4DE667CE2643B2E000597504 /* Database */ = {
			isa = PBXNativeTarget;
			buildConfigurationList = 4DE667E32643B2E100597504 /* Build configuration list for PBXNativeTarget "Database" */;
			buildPhases = (
				C2541CD1AE2C09E13B5E942E /* [CP] Check Pods Manifest.lock */,
				4DE667CB2643B2E000597504 /* Sources */,
				4DE667CC2643B2E000597504 /* Frameworks */,
				4DE667CD2643B2E000597504 /* Resources */,
				8BDD5698288A32B47B3B1B5B /* [CP] Embed Pods Frameworks */,
			);
			buildRules = (
			);
			dependencies = (
			);
			name = Database;
			productName = Database;
			productReference = 4DE667CF2643B2E000597504 /* Database.app */;
			productType = "com.apple.product-type.application";
		};
/* End PBXNativeTarget section */

/* Begin PBXProject section */
		4DE667C72643B2E000597504 /* Project object */ = {
			isa = PBXProject;
			attributes = {
				LastSwiftUpdateCheck = 1240;
				LastUpgradeCheck = 1240;
				TargetAttributes = {
					4DE667CE2643B2E000597504 = {
						CreatedOnToolsVersion = 12.4;
					};
				};
			};
			buildConfigurationList = 4DE667CA2643B2E000597504 /* Build configuration list for PBXProject "Database" */;
			compatibilityVersion = "Xcode 9.3";
			developmentRegion = en;
			hasScannedForEncodings = 0;
			knownRegions = (
				en,
				Base,
			);
			mainGroup = 4DE667C62643B2E000597504;
			productRefGroup = 4DE667D02643B2E000597504 /* Products */;
			projectDirPath = "";
			projectRoot = "";
			targets = (
				4DE667CE2643B2E000597504 /* Database */,
			);
		};
/* End PBXProject section */

/* Begin PBXResourcesBuildPhase section */
		4DE667CD2643B2E000597504 /* Resources */ = {
			isa = PBXResourcesBuildPhase;
			buildActionMask = 2147483647;
			files = (
				4DE667DF2643B2E000597504 /* LaunchScreen.storyboard in Resources */,
				4DE667E82643B34000597504 /* GoogleService-Info.plist in Resources */,
				4DE667DC2643B2E000597504 /* Assets.xcassets in Resources */,
				4DE667DA2643B2E000597504 /* Main.storyboard in Resources */,
			);
			runOnlyForDeploymentPostprocessing = 0;
		};
/* End PBXResourcesBuildPhase section */

/* Begin PBXShellScriptBuildPhase section */
		8BDD5698288A32B47B3B1B5B /* [CP] Embed Pods Frameworks */ = {
			isa = PBXShellScriptBuildPhase;
			buildActionMask = 2147483647;
			files = (
			);
			inputFileListPaths = (
				"${PODS_ROOT}/Target Support Files/Pods-Database/Pods-Database-frameworks-${CONFIGURATION}-input-files.xcfilelist",
			);
			name = "[CP] Embed Pods Frameworks";
			outputFileListPaths = (
				"${PODS_ROOT}/Target Support Files/Pods-Database/Pods-Database-frameworks-${CONFIGURATION}-output-files.xcfilelist",
			);
			runOnlyForDeploymentPostprocessing = 0;
			shellPath = /bin/sh;
			shellScript = "\"${PODS_ROOT}/Target Support Files/Pods-Database/Pods-Database-frameworks.sh\"\n";
			showEnvVarsInLog = 0;
		};
		C2541CD1AE2C09E13B5E942E /* [CP] Check Pods Manifest.lock */ = {
			isa = PBXShellScriptBuildPhase;
			buildActionMask = 2147483647;
			files = (
			);
			inputFileListPaths = (
			);
			inputPaths = (
				"${PODS_PODFILE_DIR_PATH}/Podfile.lock",
				"${PODS_ROOT}/Manifest.lock",
			);
			name = "[CP] Check Pods Manifest.lock";
			outputFileListPaths = (
			);
			outputPaths = (
				"$(DERIVED_FILE_DIR)/Pods-Database-checkManifestLockResult.txt",
			);
			runOnlyForDeploymentPostprocessing = 0;
			shellPath = /bin/sh;
			shellScript = "diff \"${PODS_PODFILE_DIR_PATH}/Podfile.lock\" \"${PODS_ROOT}/Manifest.lock\" > /dev/null\nif [ $? != 0 ] ; then\n    # print error to STDERR\n    echo \"error: The sandbox is not in sync with the Podfile.lock. Run 'pod install' or update your CocoaPods installation.\" >&2\n    exit 1\nfi\n# This output is used by Xcode 'outputs' to avoid re-running this script phase.\necho \"SUCCESS\" > \"${SCRIPT_OUTPUT_FILE_0}\"\n";
			showEnvVarsInLog = 0;
		};
/* End PBXShellScriptBuildPhase section */

/* Begin PBXSourcesBuildPhase section */
		4DE667CB2643B2E000597504 /* Sources */ = {
			isa = PBXSourcesBuildPhase;
			buildActionMask = 2147483647;
			files = (
				4DE667D72643B2E000597504 /* ViewController.swift in Sources */,
				4DE667D32643B2E000597504 /* AppDelegate.swift in Sources */,
				4DE667D52643B2E000597504 /* SceneDelegate.swift in Sources */,
			);
			runOnlyForDeploymentPostprocessing = 0;
		};
/* End PBXSourcesBuildPhase section */

/* Begin PBXVariantGroup section */
		4DE667D82643B2E000597504 /* Main.storyboard */ = {
			isa = PBXVariantGroup;
			children = (
				4DE667D92643B2E000597504 /* Base */,
			);
			name = Main.storyboard;
			sourceTree = "<group>";
		};
		4DE667DD2643B2E000597504 /* LaunchScreen.storyboard */ = {
			isa = PBXVariantGroup;
			children = (
				4DE667DE2643B2E000597504 /* Base */,
			);
			name = LaunchScreen.storyboard;
			sourceTree = "<group>";
		};
/* End PBXVariantGroup section */

/* Begin XCBuildConfiguration section */
		4DE667E12643B2E100597504 /* Debug */ = {
			isa = XCBuildConfiguration;
			buildSettings = {
				ALWAYS_SEARCH_USER_PATHS = NO;
				CLANG_ANALYZER_NONNULL = YES;
				CLANG_ANALYZER_NUMBER_OBJECT_CONVERSION = YES_AGGRESSIVE;
				CLANG_CXX_LANGUAGE_STANDARD = "gnu++14";
				CLANG_CXX_LIBRARY = "libc++";
				CLANG_ENABLE_MODULES = YES;
				CLANG_ENABLE_OBJC_ARC = YES;
				CLANG_ENABLE_OBJC_WEAK = YES;
				CLANG_WARN_BLOCK_CAPTURE_AUTORELEASING = YES;
				CLANG_WARN_BOOL_CONVERSION = YES;
				CLANG_WARN_COMMA = YES;
				CLANG_WARN_CONSTANT_CONVERSION = YES;
				CLANG_WARN_DEPRECATED_OBJC_IMPLEMENTATIONS = YES;
				CLANG_WARN_DIRECT_OBJC_ISA_USAGE = YES_ERROR;
				CLANG_WARN_DOCUMENTATION_COMMENTS = YES;
				CLANG_WARN_EMPTY_BODY = YES;
				CLANG_WARN_ENUM_CONVERSION = YES;
				CLANG_WARN_INFINITE_RECURSION = YES;
				CLANG_WARN_INT_CONVERSION = YES;
				CLANG_WARN_NON_LITERAL_NULL_CONVERSION = YES;
				CLANG_WARN_OBJC_IMPLICIT_RETAIN_SELF = YES;
				CLANG_WARN_OBJC_LITERAL_CONVERSION = YES;
				CLANG_WARN_OBJC_ROOT_CLASS = YES_ERROR;
				CLANG_WARN_QUOTED_INCLUDE_IN_FRAMEWORK_HEADER = YES;
				CLANG_WARN_RANGE_LOOP_ANALYSIS = YES;
				CLANG_WARN_STRICT_PROTOTYPES = YES;
				CLANG_WARN_SUSPICIOUS_MOVE = YES;
				CLANG_WARN_UNGUARDED_AVAILABILITY = YES_AGGRESSIVE;
				CLANG_WARN_UNREACHABLE_CODE = YES;
				CLANG_WARN__DUPLICATE_METHOD_MATCH = YES;
				COPY_PHASE_STRIP = NO;
				DEBUG_INFORMATION_FORMAT = dwarf;
				ENABLE_STRICT_OBJC_MSGSEND = YES;
				ENABLE_TESTABILITY = YES;
				GCC_C_LANGUAGE_STANDARD = gnu11;
				GCC_DYNAMIC_NO_PIC = NO;
				GCC_NO_COMMON_BLOCKS = YES;
				GCC_OPTIMIZATION_LEVEL = 0;
				GCC_PREPROCESSOR_DEFINITIONS = (
					"DEBUG=1",
					"$(inherited)",
				);
				GCC_WARN_64_TO_32_BIT_CONVERSION = YES;
				GCC_WARN_ABOUT_RETURN_TYPE = YES_ERROR;
				GCC_WARN_UNDECLARED_SELECTOR = YES;
				GCC_WARN_UNINITIALIZED_AUTOS = YES_AGGRESSIVE;
				GCC_WARN_UNUSED_FUNCTION = YES;
				GCC_WARN_UNUSED_VARIABLE = YES;
				IPHONEOS_DEPLOYMENT_TARGET = 14.4;
				MTL_ENABLE_DEBUG_INFO = INCLUDE_SOURCE;
				MTL_FAST_MATH = YES;
				ONLY_ACTIVE_ARCH = YES;
				SDKROOT = iphoneos;
				SWIFT_ACTIVE_COMPILATION_CONDITIONS = DEBUG;
				SWIFT_OPTIMIZATION_LEVEL = "-Onone";
			};
			name = Debug;
		};
		4DE667E22643B2E100597504 /* Release */ = {
			isa = XCBuildConfiguration;
			buildSettings = {
				ALWAYS_SEARCH_USER_PATHS = NO;
				CLANG_ANALYZER_NONNULL = YES;
				CLANG_ANALYZER_NUMBER_OBJECT_CONVERSION = YES_AGGRESSIVE;
				CLANG_CXX_LANGUAGE_STANDARD = "gnu++14";
				CLANG_CXX_LIBRARY = "libc++";
				CLANG_ENABLE_MODULES = YES;
				CLANG_ENABLE_OBJC_ARC = YES;
				CLANG_ENABLE_OBJC_WEAK = YES;
				CLANG_WARN_BLOCK_CAPTURE_AUTORELEASING = YES;
				CLANG_WARN_BOOL_CONVERSION = YES;
				CLANG_WARN_COMMA = YES;
				CLANG_WARN_CONSTANT_CONVERSION = YES;
				CLANG_WARN_DEPRECATED_OBJC_IMPLEMENTATIONS = YES;
				CLANG_WARN_DIRECT_OBJC_ISA_USAGE = YES_ERROR;
				CLANG_WARN_DOCUMENTATION_COMMENTS = YES;
				CLANG_WARN_EMPTY_BODY = YES;
				CLANG_WARN_ENUM_CONVERSION = YES;
				CLANG_WARN_INFINITE_RECURSION = YES;
				CLANG_WARN_INT_CONVERSION = YES;
				CLANG_WARN_NON_LITERAL_NULL_CONVERSION = YES;
				CLANG_WARN_OBJC_IMPLICIT_RETAIN_SELF = YES;
				CLANG_WARN_OBJC_LITERAL_CONVERSION = YES;
				CLANG_WARN_OBJC_ROOT_CLASS = YES_ERROR;
				CLANG_WARN_QUOTED_INCLUDE_IN_FRAMEWORK_HEADER = YES;
				CLANG_WARN_RANGE_LOOP_ANALYSIS = YES;
				CLANG_WARN_STRICT_PROTOTYPES = YES;
				CLANG_WARN_SUSPICIOUS_MOVE = YES;
				CLANG_WARN_UNGUARDED_AVAILABILITY = YES_AGGRESSIVE;
				CLANG_WARN_UNREACHABLE_CODE = YES;
				CLANG_WARN__DUPLICATE_METHOD_MATCH = YES;
				COPY_PHASE_STRIP = NO;
				DEBUG_INFORMATION_FORMAT = "dwarf-with-dsym";
				ENABLE_NS_ASSERTIONS = NO;
				ENABLE_STRICT_OBJC_MSGSEND = YES;
				GCC_C_LANGUAGE_STANDARD = gnu11;
				GCC_NO_COMMON_BLOCKS = YES;
				GCC_WARN_64_TO_32_BIT_CONVERSION = YES;
				GCC_WARN_ABOUT_RETURN_TYPE = YES_ERROR;
				GCC_WARN_UNDECLARED_SELECTOR = YES;
				GCC_WARN_UNINITIALIZED_AUTOS = YES_AGGRESSIVE;
				GCC_WARN_UNUSED_FUNCTION = YES;
				GCC_WARN_UNUSED_VARIABLE = YES;
				IPHONEOS_DEPLOYMENT_TARGET = 14.4;
				MTL_ENABLE_DEBUG_INFO = NO;
				MTL_FAST_MATH = YES;
				SDKROOT = iphoneos;
				SWIFT_COMPILATION_MODE = wholemodule;
				SWIFT_OPTIMIZATION_LEVEL = "-O";
				VALIDATE_PRODUCT = YES;
			};
			name = Release;
		};
		4DE667E42643B2E100597504 /* Debug */ = {
			isa = XCBuildConfiguration;
			baseConfigurationReference = D56A4B0776C3A0467F19EDFB /* Pods-Database.debug.xcconfig */;
			buildSettings = {
				ASSETCATALOG_COMPILER_APPICON_NAME = AppIcon;
				ASSETCATALOG_COMPILER_GLOBAL_ACCENT_COLOR_NAME = AccentColor;
				CODE_SIGN_STYLE = Automatic;
				DEVELOPMENT_TEAM = W5V59CNMQT;
				INFOPLIST_FILE = Database/Info.plist;
				LD_RUNPATH_SEARCH_PATHS = (
					"$(inherited)",
					"@executable_path/Frameworks",
				);
				PRODUCT_BUNDLE_IDENTIFIER = Sample.Database;
				PRODUCT_NAME = "$(TARGET_NAME)";
				SWIFT_VERSION = 5.0;
				TARGETED_DEVICE_FAMILY = "1,2";
			};
			name = Debug;
		};
		4DE667E52643B2E100597504 /* Release */ = {
			isa = XCBuildConfiguration;
			baseConfigurationReference = F1481CCDEC5A3E720B68375D /* Pods-Database.release.xcconfig */;
			buildSettings = {
				ASSETCATALOG_COMPILER_APPICON_NAME = AppIcon;
				ASSETCATALOG_COMPILER_GLOBAL_ACCENT_COLOR_NAME = AccentColor;
				CODE_SIGN_STYLE = Automatic;
				DEVELOPMENT_TEAM = W5V59CNMQT;
				INFOPLIST_FILE = Database/Info.plist;
				LD_RUNPATH_SEARCH_PATHS = (
					"$(inherited)",
					"@executable_path/Frameworks",
				);
				PRODUCT_BUNDLE_IDENTIFIER = Sample.Database;
				PRODUCT_NAME = "$(TARGET_NAME)";
				SWIFT_VERSION = 5.0;
				TARGETED_DEVICE_FAMILY = "1,2";
			};
			name = Release;
		};
/* End XCBuildConfiguration section */

/* Begin XCConfigurationList section */
		4DE667CA2643B2E000597504 /* Build configuration list for PBXProject "Database" */ = {
			isa = XCConfigurationList;
			buildConfigurations = (
				4DE667E12643B2E100597504 /* Debug */,
				4DE667E22643B2E100597504 /* Release */,
			);
			defaultConfigurationIsVisible = 0;
			defaultConfigurationName = Release;
		};
		4DE667E32643B2E100597504 /* Build configuration list for PBXNativeTarget "Database" */ = {
			isa = XCConfigurationList;
			buildConfigurations = (
				4DE667E42643B2E100597504 /* Debug */,
				4DE667E52643B2E100597504 /* Release */,
			);
			defaultConfigurationIsVisible = 0;
			defaultConfigurationName = Release;
		};
/* End XCConfigurationList section */
	};
	rootObject = 4DE667C72643B2E000597504 /* Project object */;
}
